
Microsoft Visual Studio Solution File, Format Version 12.00
# Visual Studio Version 17
VisualStudioVersion = 17.14.36408.4 d17.14
MinimumVisualStudioVersion = 10.0.40219.1
Project("{FAE04EC0-301F-11D3-BF4B-00C04F79EFBC}") = "Presentation", "Presentation\Presentation.csproj", "{151F4F07-B696-4E77-95B6-AA100E810EB0}"
EndProject
Project("{FAE04EC0-301F-11D3-BF4B-00C04F79EFBC}") = "Application", "Application\Application.csproj", "{C46BD6B2-6C6E-4E39-B677-415C68DC76A7}"
EndProject
Project("{FAE04EC0-301F-11D3-BF4B-00C04F79EFBC}") = "Domain", "Domain\Domain.csproj", "{93BA58D7-AE2B-4D3F-A774-CEC93B12B3F1}"
EndProject
Project("{FAE04EC0-301F-11D3-BF4B-00C04F79EFBC}") = "Infrastructure", "Infrastructure\Infrastructure.csproj", "{7EB67493-EC09-48C7-8136-1923007CBA17}"
EndProject
Global
	GlobalSection(SolutionConfigurationPlatforms) = preSolution
		Debug|Any CPU = Debug|Any CPU
		Release|Any CPU = Release|Any CPU
	EndGlobalSection
	GlobalSection(ProjectConfigurationPlatforms) = postSolution
		{151F4F07-B696-4E77-95B6-AA100E810EB0}.Debug|Any CPU.ActiveCfg = Debug|Any CPU
		{151F4F07-B696-4E77-95B6-AA100E810EB0}.Debug|Any CPU.Build.0 = Debug|Any CPU
		{151F4F07-B696-4E77-95B6-AA100E810EB0}.Release|Any CPU.ActiveCfg = Release|Any CPU
		{151F4F07-B696-4E77-95B6-AA100E810EB0}.Release|Any CPU.Build.0 = Release|Any CPU
		{C46BD6B2-6C6E-4E39-B677-415C68DC76A7}.Debug|Any CPU.ActiveCfg = Debug|Any CPU
		{C46BD6B2-6C6E-4E39-B677-415C68DC76A7}.Debug|Any CPU.Build.0 = Debug|Any CPU
		{C46BD6B2-6C6E-4E39-B677-415C68DC76A7}.Release|Any CPU.ActiveCfg = Release|Any CPU
		{C46BD6B2-6C6E-4E39-B677-415C68DC76A7}.Release|Any CPU.Build.0 = Release|Any CPU
		{93BA58D7-AE2B-4D3F-A774-CEC93B12B3F1}.Debug|Any CPU.ActiveCfg = Debug|Any CPU
		{93BA58D7-AE2B-4D3F-A774-CEC93B12B3F1}.Debug|Any CPU.Build.0 = Debug|Any CPU
		{93BA58D7-AE2B-4D3F-A774-CEC93B12B3F1}.Release|Any CPU.ActiveCfg = Release|Any CPU
		{93BA58D7-AE2B-4D3F-A774-CEC93B12B3F1}.Release|Any CPU.Build.0 = Release|Any CPU
		{7EB67493-EC09-48C7-8136-1923007CBA17}.Debug|Any CPU.ActiveCfg = Debug|Any CPU
		{7EB67493-EC09-48C7-8136-1923007CBA17}.Debug|Any CPU.Build.0 = Debug|Any CPU
		{7EB67493-EC09-48C7-8136-1923007CBA17}.Release|Any CPU.ActiveCfg = Release|Any CPU
		{7EB67493-EC09-48C7-8136-1923007CBA17}.Release|Any CPU.Build.0 = Release|Any CPU
	EndGlobalSection
	GlobalSection(SolutionProperties) = preSolution
		HideSolutionNode = FALSE
	EndGlobalSection
	GlobalSection(ExtensibilityGlobals) = postSolution
		SolutionGuid = {7C445E80-0BB6-4A0A-968A-CFD78E35DE14}
	EndGlobalSection
EndGlobal
